
Microsoft Visual Studio Solution File, Format Version 12.00
# Visual Studio Version 17
VisualStudioVersion = 17.2.32616.157
MinimumVisualStudioVersion = 10.0.40219.1
Project("{FAE04EC0-301F-11D3-BF4B-00C04F79EFBC}") = "BlogAPI", "BlogAPI\BlogAPI.csproj", "{F4DD0AFB-46A1-49B5-80CC-08D46B679B31}"
EndProject
Project("{FAE04EC0-301F-11D3-BF4B-00C04F79EFBC}") = "BlogTeste", "BlogTeste\BlogTeste.csproj", "{CA72F32C-5E51-4574-B73E-C0FFFCDA5114}"
EndProject
Global
	GlobalSection(SolutionConfigurationPlatforms) = preSolution
		Debug|Any CPU = Debug|Any CPU
		Release|Any CPU = Release|Any CPU
	EndGlobalSection
	GlobalSection(ProjectConfigurationPlatforms) = postSolution
		{F4DD0AFB-46A1-49B5-80CC-08D46B679B31}.Debug|Any CPU.ActiveCfg = Debug|Any CPU
		{F4DD0AFB-46A1-49B5-80CC-08D46B679B31}.Debug|Any CPU.Build.0 = Debug|Any CPU
		{F4DD0AFB-46A1-49B5-80CC-08D46B679B31}.Release|Any CPU.ActiveCfg = Release|Any CPU
		{F4DD0AFB-46A1-49B5-80CC-08D46B679B31}.Release|Any CPU.Build.0 = Release|Any CPU
		{CA72F32C-5E51-4574-B73E-C0FFFCDA5114}.Debug|Any CPU.ActiveCfg = Debug|Any CPU
		{CA72F32C-5E51-4574-B73E-C0FFFCDA5114}.Debug|Any CPU.Build.0 = Debug|Any CPU
		{CA72F32C-5E51-4574-B73E-C0FFFCDA5114}.Release|Any CPU.ActiveCfg = Release|Any CPU
		{CA72F32C-5E51-4574-B73E-C0FFFCDA5114}.Release|Any CPU.Build.0 = Release|Any CPU
	EndGlobalSection
	GlobalSection(SolutionProperties) = preSolution
		HideSolutionNode = FALSE
	EndGlobalSection
	GlobalSection(ExtensibilityGlobals) = postSolution
		SolutionGuid = {260B80F9-CF0C-4B2B-8E92-4E5C94F3CD9E}
	EndGlobalSection
EndGlobal
